
Microsoft Visual Studio Solution File, Format Version 12.00
# Visual Studio Version 16
VisualStudioVersion = 16.0.30804.86
MinimumVisualStudioVersion = 10.0.40219.1
Project("{9A19103F-16F7-4668-BE54-9A1E7A4F7556}") = "Api.ExcelReader", "Api.ExcelReader\Api.ExcelReader.csproj", "{38355A2D-C910-4AA7-9C9B-3A84F5F15E99}"
EndProject
Project("{FAE04EC0-301F-11D3-BF4B-00C04F79EFBC}") = "Entity", "Entity\Entity.csproj", "{F9B7FE14-77BB-4ED3-A145-C64FE7DC8FEC}"
EndProject
Project("{FAE04EC0-301F-11D3-BF4B-00C04F79EFBC}") = "ParsExcel", "ParsExcel\ParsExcel.csproj", "{A8648FD5-DC9B-496D-9296-0FC5CF4EE9FA}"
EndProject
Global
	GlobalSection(SolutionConfigurationPlatforms) = preSolution
		Debug|Any CPU = Debug|Any CPU
		Release|Any CPU = Release|Any CPU
	EndGlobalSection
	GlobalSection(ProjectConfigurationPlatforms) = postSolution
		{38355A2D-C910-4AA7-9C9B-3A84F5F15E99}.Debug|Any CPU.ActiveCfg = Debug|Any CPU
		{38355A2D-C910-4AA7-9C9B-3A84F5F15E99}.Debug|Any CPU.Build.0 = Debug|Any CPU
		{38355A2D-C910-4AA7-9C9B-3A84F5F15E99}.Release|Any CPU.ActiveCfg = Release|Any CPU
		{38355A2D-C910-4AA7-9C9B-3A84F5F15E99}.Release|Any CPU.Build.0 = Release|Any CPU
		{F9B7FE14-77BB-4ED3-A145-C64FE7DC8FEC}.Debug|Any CPU.ActiveCfg = Debug|Any CPU
		{F9B7FE14-77BB-4ED3-A145-C64FE7DC8FEC}.Debug|Any CPU.Build.0 = Debug|Any CPU
		{F9B7FE14-77BB-4ED3-A145-C64FE7DC8FEC}.Release|Any CPU.ActiveCfg = Release|Any CPU
		{F9B7FE14-77BB-4ED3-A145-C64FE7DC8FEC}.Release|Any CPU.Build.0 = Release|Any CPU
		{A8648FD5-DC9B-496D-9296-0FC5CF4EE9FA}.Debug|Any CPU.ActiveCfg = Debug|Any CPU
		{A8648FD5-DC9B-496D-9296-0FC5CF4EE9FA}.Debug|Any CPU.Build.0 = Debug|Any CPU
		{A8648FD5-DC9B-496D-9296-0FC5CF4EE9FA}.Release|Any CPU.ActiveCfg = Release|Any CPU
		{A8648FD5-DC9B-496D-9296-0FC5CF4EE9FA}.Release|Any CPU.Build.0 = Release|Any CPU
	EndGlobalSection
	GlobalSection(SolutionProperties) = preSolution
		HideSolutionNode = FALSE
	EndGlobalSection
	GlobalSection(ExtensibilityGlobals) = postSolution
		SolutionGuid = {9A88B602-32D1-4472-A31C-6E8F812B50B2}
	EndGlobalSection
EndGlobal
